// !$*UTF8*$!
{
	archiveVersion = 1;
	classes = {
	};
	objectVersion = 77;
	objects = {

/* Begin PBXFileReference section */
		00000000000000000000AA06 /* ResilientCapture.app */ = {isa = PBXFileReference; explicitFileType = wrapper.application; includeInIndex = 0; path = ResilientCapture.app; sourceTree = BUILT_PRODUCTS_DIR; };
		00000000000000000000AA07 /* ResilientCaptureTests.xctest */ = {isa = PBXFileReference; explicitFileType = wrapper.cfbundle; includeInIndex = 0; path = ResilientCaptureTests.xctest; sourceTree = BUILT_PRODUCTS_DIR; };
/* End PBXFileReference section */

/* Begin PBXFileSystemSynchronizedRootGroup section */
		00000000000000000000AA08 /* ResilientCapture */ = {isa = PBXFileSystemSynchronizedRootGroup; exceptions = (00000000000000000000AA12 /* Exceptions */, ); path = ResilientCapture; sourceTree = "<group>"; };
		00000000000000000000AA09 /* ResilientCaptureTests */ = {isa = PBXFileSystemSynchronizedRootGroup; exceptions = (); path = ResilientCaptureTests; sourceTree = "<group>"; };
/* End PBXFileSystemSynchronizedRootGroup section */

/* Begin PBXFileSystemSynchronizedBuildFileExceptionSet section */
		00000000000000000000AA12 /* Exceptions for "ResilientCapture" folder in "ResilientCapture" target */ = {
			isa = PBXFileSystemSynchronizedBuildFileExceptionSet;
			membershipExceptions = (
				Info.plist,
			);
			target = 00000000000000000000AA04 /* ResilientCapture */;
		};
/* End PBXFileSystemSynchronizedBuildFileExceptionSet section */

/* Begin PBXFrameworksBuildPhase section */
		00000000000000000000AA0B /* Frameworks */ = {isa = PBXFrameworksBuildPhase; buildActionMask = 2147483647; files = (); runOnlyForDeploymentPostprocessing = 0; };
		00000000000000000000AA0E /* Frameworks */ = {isa = PBXFrameworksBuildPhase; buildActionMask = 2147483647; files = (); runOnlyForDeploymentPostprocessing = 0; };
/* End PBXFrameworksBuildPhase section */

/* Begin PBXGroup section */
		00000000000000000000AA02 = {
			isa = PBXGroup;
			children = (
				00000000000000000000AA08 /* ResilientCapture */,
				00000000000000000000AA09 /* ResilientCaptureTests */,
				00000000000000000000AA03 /* Products */,
			);
			sourceTree = "<group>";
		};
		00000000000000000000AA03 /* Products */ = {
			isa = PBXGroup;
			children = (
				00000000000000000000AA06 /* ResilientCapture.app */,
				00000000000000000000AA07 /* ResilientCaptureTests.xctest */,
			);
			name = Products;
			sourceTree = "<group>";
		};
/* End PBXGroup section */

/* Begin PBXNativeTarget section */
		00000000000000000000AA04 /* ResilientCapture */ = {
			isa = PBXNativeTarget;
			buildConfigurationList = 00000000000000000000AB04 /* Build configuration list for PBXNativeTarget "ResilientCapture" */;
			buildPhases = (
				00000000000000000000AA0A /* Sources */,
				00000000000000000000AA0B /* Frameworks */,
				00000000000000000000AA0C /* Resources */,
			);
			buildRules = (
			);
			dependencies = (
			);
			fileSystemSynchronizedGroups = (
				00000000000000000000AA08 /* ResilientCapture */,
			);
			name = ResilientCapture;
			productName = ResilientCapture;
			productReference = 00000000000000000000AA06 /* ResilientCapture.app */;
			productType = "com.apple.product-type.application";
		};
		00000000000000000000AA05 /* ResilientCaptureTests */ = {
			isa = PBXNativeTarget;
			buildConfigurationList = 00000000000000000000AB07 /* Build configuration list for PBXNativeTarget "ResilientCaptureTests" */;
			buildPhases = (
				00000000000000000000AA0D /* Sources */,
				00000000000000000000AA0E /* Frameworks */,
				00000000000000000000AA0F /* Resources */,
			);
			buildRules = (
			);
			dependencies = (
				00000000000000000000AA10 /* PBXTargetDependency */,
			);
			fileSystemSynchronizedGroups = (
				00000000000000000000AA09 /* ResilientCaptureTests */,
			);
			name = ResilientCaptureTests;
			productName = ResilientCaptureTests;
			productReference = 00000000000000000000AA07 /* ResilientCaptureTests.xctest */;
			productType = "com.apple.product-type.bundle.unit-test";
		};
/* End PBXNativeTarget section */

/* Begin PBXProject section */
		00000000000000000000AA01 /* Project object */ = {
			isa = PBXProject;
			attributes = {
				BuildIndependentTargetsInParallel = 1;
				LastSwiftUpdateCheck = 2640;
				LastUpgradeCheck = 2640;
				TargetAttributes = {
					00000000000000000000AA04 = {
						CreatedOnToolsVersion = 26.4.1;
					};
					00000000000000000000AA05 = {
						CreatedOnToolsVersion = 26.4.1;
						TestTargetID = 00000000000000000000AA04;
					};
				};
			};
			buildConfigurationList = 00000000000000000000AB01 /* Build configuration list for PBXProject "ResilientCapture" */;
			compatibilityVersion = "Xcode 15.0";
			developmentRegion = en;
			hasScannedForEncodings = 0;
			knownRegions = (
				en,
				Base,
			);
			mainGroup = 00000000000000000000AA02;
			minimizedProjectReferenceProxies = 1;
			preferredProjectObjectVersion = 77;
			productRefGroup = 00000000000000000000AA03 /* Products */;
			projectDirPath = "";
			projectRoot = "";
			targets = (
				00000000000000000000AA04 /* ResilientCapture */,
				00000000000000000000AA05 /* ResilientCaptureTests */,
			);
		};
/* End PBXProject section */

/* Begin PBXResourcesBuildPhase section */
		00000000000000000000AA0C /* Resources */ = {isa = PBXResourcesBuildPhase; buildActionMask = 2147483647; files = (); runOnlyForDeploymentPostprocessing = 0; };
		00000000000000000000AA0F /* Resources */ = {isa = PBXResourcesBuildPhase; buildActionMask = 2147483647; files = (); runOnlyForDeploymentPostprocessing = 0; };
/* End PBXResourcesBuildPhase section */

/* Begin PBXSourcesBuildPhase section */
		00000000000000000000AA0A /* Sources */ = {isa = PBXSourcesBuildPhase; buildActionMask = 2147483647; files = (); runOnlyForDeploymentPostprocessing = 0; };
		00000000000000000000AA0D /* Sources */ = {isa = PBXSourcesBuildPhase; buildActionMask = 2147483647; files = (); runOnlyForDeploymentPostprocessing = 0; };
/* End PBXSourcesBuildPhase section */

/* Begin PBXTargetDependency section */
		00000000000000000000AA10 /* PBXTargetDependency */ = {
			isa = PBXTargetDependency;
			target = 00000000000000000000AA04 /* ResilientCapture */;
			targetProxy = 00000000000000000000AA11 /* PBXContainerItemProxy */;
		};
/* End PBXTargetDependency section */

/* Begin PBXContainerItemProxy section */
		00000000000000000000AA11 /* PBXContainerItemProxy */ = {
			isa = PBXContainerItemProxy;
			containerPortal = 00000000000000000000AA01 /* Project object */;
			proxyType = 1;
			remoteGlobalIDString = 00000000000000000000AA04;
			remoteInfo = ResilientCapture;
		};
/* End PBXContainerItemProxy section */

/* Begin XCBuildConfiguration section */
		00000000000000000000AB02 /* Debug */ = {
			isa = XCBuildConfiguration;
			buildSettings = {
				ALWAYS_SEARCH_USER_PATHS = NO;
				CLANG_ANALYZER_NONNULL = YES;
				CLANG_ENABLE_MODULES = YES;
				CLANG_ENABLE_OBJC_ARC = YES;
				ENABLE_STRICT_OBJC_MSGSEND = YES;
				ENABLE_TESTABILITY = YES;
				GCC_C_LANGUAGE_STANDARD = gnu17;
				GCC_NO_COMMON_BLOCKS = YES;
				ONLY_ACTIVE_ARCH = YES;
				SDKROOT = iphoneos;
				SWIFT_ACTIVE_COMPILATION_CONDITIONS = DEBUG;
				SWIFT_OPTIMIZATION_LEVEL = "-Onone";
			};
			name = Debug;
		};
		00000000000000000000AB03 /* Release */ = {
			isa = XCBuildConfiguration;
			buildSettings = {
				ALWAYS_SEARCH_USER_PATHS = NO;
				CLANG_ANALYZER_NONNULL = YES;
				CLANG_ENABLE_MODULES = YES;
				CLANG_ENABLE_OBJC_ARC = YES;
				ENABLE_NS_ASSERTIONS = NO;
				ENABLE_STRICT_OBJC_MSGSEND = YES;
				GCC_C_LANGUAGE_STANDARD = gnu17;
				GCC_NO_COMMON_BLOCKS = YES;
				SDKROOT = iphoneos;
				SWIFT_COMPILATION_MODE = wholemodule;
				SWIFT_OPTIMIZATION_LEVEL = "-O";
				VALIDATE_PRODUCT = YES;
			};
			name = Release;
		};
		00000000000000000000AB05 /* Debug */ = {
			isa = XCBuildConfiguration;
			buildSettings = {
				ASSETCATALOG_COMPILER_APPICON_NAME = AppIcon;
				ASSETCATALOG_COMPILER_GLOBAL_ACCENT_COLOR_NAME = AccentColor;
				ASSETCATALOG_COMPILER_GENERATE_ASSET_SYMBOLS = NO;
				CODE_SIGN_STYLE = Automatic;
				CURRENT_PROJECT_VERSION = 1;
				ENABLE_PREVIEWS = YES;
				GENERATE_INFOPLIST_FILE = NO;
				INFOPLIST_FILE = ResilientCapture/Info.plist;
				IPHONEOS_DEPLOYMENT_TARGET = 17.0;
				LD_RUNPATH_SEARCH_PATHS = (
					"$(inherited)",
					"@executable_path/Frameworks",
				);
				MARKETING_VERSION = 1.0;
				PRODUCT_BUNDLE_IDENTIFIER = com.iidentifii.resilientcapture;
				PRODUCT_NAME = "$(TARGET_NAME)";
				SWIFT_EMIT_LOC_STRINGS = YES;
				SWIFT_VERSION = 5.0;
				TARGETED_DEVICE_FAMILY = 1;
			};
			name = Debug;
		};
		00000000000000000000AB06 /* Release */ = {
			isa = XCBuildConfiguration;
			buildSettings = {
				ASSETCATALOG_COMPILER_APPICON_NAME = AppIcon;
				ASSETCATALOG_COMPILER_GLOBAL_ACCENT_COLOR_NAME = AccentColor;
				ASSETCATALOG_COMPILER_GENERATE_ASSET_SYMBOLS = NO;
				CODE_SIGN_STYLE = Automatic;
				CURRENT_PROJECT_VERSION = 1;
				ENABLE_PREVIEWS = YES;
				GENERATE_INFOPLIST_FILE = NO;
				INFOPLIST_FILE = ResilientCapture/Info.plist;
				IPHONEOS_DEPLOYMENT_TARGET = 17.0;
				LD_RUNPATH_SEARCH_PATHS = (
					"$(inherited)",
					"@executable_path/Frameworks",
				);
				MARKETING_VERSION = 1.0;
				PRODUCT_BUNDLE_IDENTIFIER = com.iidentifii.resilientcapture;
				PRODUCT_NAME = "$(TARGET_NAME)";
				SWIFT_EMIT_LOC_STRINGS = YES;
				SWIFT_VERSION = 5.0;
				TARGETED_DEVICE_FAMILY = 1;
			};
			name = Release;
		};
		00000000000000000000AB08 /* Debug */ = {
			isa = XCBuildConfiguration;
			buildSettings = {
				BUNDLE_LOADER = "$(TEST_HOST)";
				CODE_SIGN_STYLE = Automatic;
				CURRENT_PROJECT_VERSION = 1;
				GENERATE_INFOPLIST_FILE = YES;
				IPHONEOS_DEPLOYMENT_TARGET = 17.0;
				MARKETING_VERSION = 1.0;
				PRODUCT_BUNDLE_IDENTIFIER = com.iidentifii.resilientcapture.tests;
				PRODUCT_NAME = "$(TARGET_NAME)";
				SWIFT_EMIT_LOC_STRINGS = NO;
				SWIFT_VERSION = 5.0;
				TARGETED_DEVICE_FAMILY = 1;
				TEST_HOST = "$(BUILT_PRODUCTS_DIR)/ResilientCapture.app/$(BUNDLE_EXECUTABLE_FOLDER_PATH)/ResilientCapture";
			};
			name = Debug;
		};
		00000000000000000000AB09 /* Release */ = {
			isa = XCBuildConfiguration;
			buildSettings = {
				BUNDLE_LOADER = "$(TEST_HOST)";
				CODE_SIGN_STYLE = Automatic;
				CURRENT_PROJECT_VERSION = 1;
				GENERATE_INFOPLIST_FILE = YES;
				IPHONEOS_DEPLOYMENT_TARGET = 17.0;
				MARKETING_VERSION = 1.0;
				PRODUCT_BUNDLE_IDENTIFIER = com.iidentifii.resilientcapture.tests;
				PRODUCT_NAME = "$(TARGET_NAME)";
				SWIFT_EMIT_LOC_STRINGS = NO;
				SWIFT_VERSION = 5.0;
				TARGETED_DEVICE_FAMILY = 1;
				TEST_HOST = "$(BUILT_PRODUCTS_DIR)/ResilientCapture.app/$(BUNDLE_EXECUTABLE_FOLDER_PATH)/ResilientCapture";
			};
			name = Release;
		};
/* End XCBuildConfiguration section */

/* Begin XCConfigurationList section */
		00000000000000000000AB01 /* Build configuration list for PBXProject "ResilientCapture" */ = {
			isa = XCConfigurationList;
			buildConfigurations = (
				00000000000000000000AB02 /* Debug */,
				00000000000000000000AB03 /* Release */,
			);
			defaultConfigurationIsVisible = 0;
			defaultConfigurationName = Release;
		};
		00000000000000000000AB04 /* Build configuration list for PBXNativeTarget "ResilientCapture" */ = {
			isa = XCConfigurationList;
			buildConfigurations = (
				00000000000000000000AB05 /* Debug */,
				00000000000000000000AB06 /* Release */,
			);
			defaultConfigurationIsVisible = 0;
			defaultConfigurationName = Release;
		};
		00000000000000000000AB07 /* Build configuration list for PBXNativeTarget "ResilientCaptureTests" */ = {
			isa = XCConfigurationList;
			buildConfigurations = (
				00000000000000000000AB08 /* Debug */,
				00000000000000000000AB09 /* Release */,
			);
			defaultConfigurationIsVisible = 0;
			defaultConfigurationName = Release;
		};
/* End XCConfigurationList section */
	};
	rootObject = 00000000000000000000AA01 /* Project object */;
}
